// !$*UTF8*$!
{
	archiveVersion = 1;
	classes = {
	};
	objectVersion = 51;
	objects = {

/* Begin PBXBuildFile section */
		4AB8330A4345D0130D973313 /* Pods_AutoInspector_AutoInspectorUITests.framework in Frameworks */ = {isa = PBXBuildFile; fileRef = B853743641582460FD1641E0 /* Pods_AutoInspector_AutoInspectorUITests.framework */; };
		6C03373C240316F300D47E95 /* AutomobileTableViewCell.swift in Sources */ = {isa = PBXBuildFile; fileRef = 6C03373B240316F300D47E95 /* AutomobileTableViewCell.swift */; };
		6C0337452403190600D47E95 /* UIImageView+extension.swift in Sources */ = {isa = PBXBuildFile; fileRef = 6C0337442403190600D47E95 /* UIImageView+extension.swift */; };
		6C0337472403190D00D47E95 /* AutomobileModel.swift in Sources */ = {isa = PBXBuildFile; fileRef = 6C0337462403190D00D47E95 /* AutomobileModel.swift */; };
		6C03374924031C2900D47E95 /* GoogleService-Info.plist in Resources */ = {isa = PBXBuildFile; fileRef = 6C03374824031C2900D47E95 /* GoogleService-Info.plist */; };
		CC8EAA80EF529BBEEDD9B2EF /* Pods_AutoInspectorTests.framework in Frameworks */ = {isa = PBXBuildFile; fileRef = B877C0828D682D73F8A3B2DD /* Pods_AutoInspectorTests.framework */; };
		D87F46D4E4E2931B8ABC0D92 /* Pods_AutoInspector.framework in Frameworks */ = {isa = PBXBuildFile; fileRef = 16F0CDABFA790837E7455853 /* Pods_AutoInspector.framework */; };
		DB3F9BA723F782E5009F981D /* Constants.swift in Sources */ = {isa = PBXBuildFile; fileRef = DB3F9BA623F782E5009F981D /* Constants.swift */; };
		DB9380252401C495009A021F /* SugestEventCollectionViewCell.swift in Sources */ = {isa = PBXBuildFile; fileRef = DB9380232401C495009A021F /* SugestEventCollectionViewCell.swift */; };
		DB9380262401C495009A021F /* EventsViewController.swift in Sources */ = {isa = PBXBuildFile; fileRef = DB9380242401C495009A021F /* EventsViewController.swift */; };
		DB9380292401C54D009A021F /* Events.storyboard in Resources */ = {isa = PBXBuildFile; fileRef = DB9380272401C54D009A021F /* Events.storyboard */; };
		DB93CA072401E5D9006D7499 /* Colors.swift in Sources */ = {isa = PBXBuildFile; fileRef = DB93CA062401E5D9006D7499 /* Colors.swift */; };
		DB93CA112402D672006D7499 /* DetailsPDF.storyboard in Resources */ = {isa = PBXBuildFile; fileRef = DB93CA102402D672006D7499 /* DetailsPDF.storyboard */; };
		DB93CA132402D691006D7499 /* DetailsViewController.swift in Sources */ = {isa = PBXBuildFile; fileRef = DB93CA122402D691006D7499 /* DetailsViewController.swift */; };
		DBC233ED2403330000C74EEE /* pdfPreviewViewController.swift in Sources */ = {isa = PBXBuildFile; fileRef = DBC233EC2403330000C74EEE /* pdfPreviewViewController.swift */; };
		DBC233EF2403382600C74EEE /* PDFCreator.swift in Sources */ = {isa = PBXBuildFile; fileRef = DBC233EE2403382600C74EEE /* PDFCreator.swift */; };
		DBCD063023F5F96700EDA60D /* AppDelegate.swift in Sources */ = {isa = PBXBuildFile; fileRef = DBCD062F23F5F96700EDA60D /* AppDelegate.swift */; };
		DBCD063223F5F96700EDA60D /* SceneDelegate.swift in Sources */ = {isa = PBXBuildFile; fileRef = DBCD063123F5F96700EDA60D /* SceneDelegate.swift */; };
		DBCD063423F5F96700EDA60D /* ViewController.swift in Sources */ = {isa = PBXBuildFile; fileRef = DBCD063323F5F96700EDA60D /* ViewController.swift */; };
		DBCD063723F5F96700EDA60D /* Main.storyboard in Resources */ = {isa = PBXBuildFile; fileRef = DBCD063523F5F96700EDA60D /* Main.storyboard */; };
		DBCD063923F5F96C00EDA60D /* Assets.xcassets in Resources */ = {isa = PBXBuildFile; fileRef = DBCD063823F5F96C00EDA60D /* Assets.xcassets */; };
		DBCD063C23F5F96C00EDA60D /* LaunchScreen.storyboard in Resources */ = {isa = PBXBuildFile; fileRef = DBCD063A23F5F96C00EDA60D /* LaunchScreen.storyboard */; };
		DBCD064723F5F96C00EDA60D /* AutoInspectorTests.swift in Sources */ = {isa = PBXBuildFile; fileRef = DBCD064623F5F96C00EDA60D /* AutoInspectorTests.swift */; };
		DBCD065223F5F96C00EDA60D /* AutoInspectorUITests.swift in Sources */ = {isa = PBXBuildFile; fileRef = DBCD065123F5F96C00EDA60D /* AutoInspectorUITests.swift */; };
		DBCD066023F5FAB200EDA60D /* SingUpViewController.swift in Sources */ = {isa = PBXBuildFile; fileRef = DBCD065F23F5FAB200EDA60D /* SingUpViewController.swift */; };
		DBCD066223F5FACA00EDA60D /* LoginViewController.swift in Sources */ = {isa = PBXBuildFile; fileRef = DBCD066123F5FACA00EDA60D /* LoginViewController.swift */; };
		DBCD066423F5FAE000EDA60D /* HomeViewController.swift in Sources */ = {isa = PBXBuildFile; fileRef = DBCD066323F5FAE000EDA60D /* HomeViewController.swift */; };
		DBE2CB8623F6B083007BB6BC /* Styles.swift in Sources */ = {isa = PBXBuildFile; fileRef = DBE2CB8523F6B083007BB6BC /* Styles.swift */; };
/* End PBXBuildFile section */

/* Begin PBXContainerItemProxy section */
		DBCD064323F5F96C00EDA60D /* PBXContainerItemProxy */ = {
			isa = PBXContainerItemProxy;
			containerPortal = DBCD062423F5F96600EDA60D /* Project object */;
			proxyType = 1;
			remoteGlobalIDString = DBCD062B23F5F96600EDA60D;
			remoteInfo = AutoInspector;
		};
		DBCD064E23F5F96C00EDA60D /* PBXContainerItemProxy */ = {
			isa = PBXContainerItemProxy;
			containerPortal = DBCD062423F5F96600EDA60D /* Project object */;
			proxyType = 1;
			remoteGlobalIDString = DBCD062B23F5F96600EDA60D;
			remoteInfo = AutoInspector;
		};
/* End PBXContainerItemProxy section */

/* Begin PBXFileReference section */
		16F0CDABFA790837E7455853 /* Pods_AutoInspector.framework */ = {isa = PBXFileReference; explicitFileType = wrapper.framework; includeInIndex = 0; path = Pods_AutoInspector.framework; sourceTree = BUILT_PRODUCTS_DIR; };
		21D9D19F4B03139CC9D2789E /* Pods-AutoInspector.release.xcconfig */ = {isa = PBXFileReference; includeInIndex = 1; lastKnownFileType = text.xcconfig; name = "Pods-AutoInspector.release.xcconfig"; path = "Target Support Files/Pods-AutoInspector/Pods-AutoInspector.release.xcconfig"; sourceTree = "<group>"; };
		6C03373B240316F300D47E95 /* AutomobileTableViewCell.swift */ = {isa = PBXFileReference; fileEncoding = 4; lastKnownFileType = sourcecode.swift; path = AutomobileTableViewCell.swift; sourceTree = "<group>"; };
		6C0337442403190600D47E95 /* UIImageView+extension.swift */ = {isa = PBXFileReference; fileEncoding = 4; lastKnownFileType = sourcecode.swift; path = "UIImageView+extension.swift"; sourceTree = "<group>"; };
		6C0337462403190D00D47E95 /* AutomobileModel.swift */ = {isa = PBXFileReference; fileEncoding = 4; lastKnownFileType = sourcecode.swift; path = AutomobileModel.swift; sourceTree = "<group>"; };
		6C03374824031C2900D47E95 /* GoogleService-Info.plist */ = {isa = PBXFileReference; fileEncoding = 4; lastKnownFileType = text.plist.xml; path = "GoogleService-Info.plist"; sourceTree = "<group>"; };
		733BF1611B2D016B2F8DAE97 /* Pods-AutoInspectorTests.debug.xcconfig */ = {isa = PBXFileReference; includeInIndex = 1; lastKnownFileType = text.xcconfig; name = "Pods-AutoInspectorTests.debug.xcconfig"; path = "Target Support Files/Pods-AutoInspectorTests/Pods-AutoInspectorTests.debug.xcconfig"; sourceTree = "<group>"; };
		AB55A453802ED189DDB7DCE2 /* Pods-AutoInspector-AutoInspectorUITests.release.xcconfig */ = {isa = PBXFileReference; includeInIndex = 1; lastKnownFileType = text.xcconfig; name = "Pods-AutoInspector-AutoInspectorUITests.release.xcconfig"; path = "Target Support Files/Pods-AutoInspector-AutoInspectorUITests/Pods-AutoInspector-AutoInspectorUITests.release.xcconfig"; sourceTree = "<group>"; };
		B853743641582460FD1641E0 /* Pods_AutoInspector_AutoInspectorUITests.framework */ = {isa = PBXFileReference; explicitFileType = wrapper.framework; includeInIndex = 0; path = Pods_AutoInspector_AutoInspectorUITests.framework; sourceTree = BUILT_PRODUCTS_DIR; };
		B877C0828D682D73F8A3B2DD /* Pods_AutoInspectorTests.framework */ = {isa = PBXFileReference; explicitFileType = wrapper.framework; includeInIndex = 0; path = Pods_AutoInspectorTests.framework; sourceTree = BUILT_PRODUCTS_DIR; };
		C4DDBC48B0A6F3F836DADF89 /* Pods-AutoInspector-AutoInspectorUITests.debug.xcconfig */ = {isa = PBXFileReference; includeInIndex = 1; lastKnownFileType = text.xcconfig; name = "Pods-AutoInspector-AutoInspectorUITests.debug.xcconfig"; path = "Target Support Files/Pods-AutoInspector-AutoInspectorUITests/Pods-AutoInspector-AutoInspectorUITests.debug.xcconfig"; sourceTree = "<group>"; };
		CF5ADAE8E78AC0D34EEE7710 /* Pods-AutoInspectorTests.release.xcconfig */ = {isa = PBXFileReference; includeInIndex = 1; lastKnownFileType = text.xcconfig; name = "Pods-AutoInspectorTests.release.xcconfig"; path = "Target Support Files/Pods-AutoInspectorTests/Pods-AutoInspectorTests.release.xcconfig"; sourceTree = "<group>"; };
		DB3F9BA623F782E5009F981D /* Constants.swift */ = {isa = PBXFileReference; lastKnownFileType = sourcecode.swift; path = Constants.swift; sourceTree = "<group>"; };
		DB9380232401C495009A021F /* SugestEventCollectionViewCell.swift */ = {isa = PBXFileReference; lastKnownFileType = sourcecode.swift; path = SugestEventCollectionViewCell.swift; sourceTree = "<group>"; };
		DB9380242401C495009A021F /* EventsViewController.swift */ = {isa = PBXFileReference; lastKnownFileType = sourcecode.swift; path = EventsViewController.swift; sourceTree = "<group>"; };
		DB9380282401C54D009A021F /* Base */ = {isa = PBXFileReference; lastKnownFileType = file.storyboard; name = Base; path = Base.lproj/Events.storyboard; sourceTree = "<group>"; };
		DB93CA062401E5D9006D7499 /* Colors.swift */ = {isa = PBXFileReference; lastKnownFileType = sourcecode.swift; path = Colors.swift; sourceTree = "<group>"; };
		DB93CA102402D672006D7499 /* DetailsPDF.storyboard */ = {isa = PBXFileReference; lastKnownFileType = file.storyboard; path = DetailsPDF.storyboard; sourceTree = "<group>"; };
		DB93CA122402D691006D7499 /* DetailsViewController.swift */ = {isa = PBXFileReference; lastKnownFileType = sourcecode.swift; path = DetailsViewController.swift; sourceTree = "<group>"; };
		DBC233EC2403330000C74EEE /* pdfPreviewViewController.swift */ = {isa = PBXFileReference; lastKnownFileType = sourcecode.swift; path = pdfPreviewViewController.swift; sourceTree = "<group>"; };
		DBC233EE2403382600C74EEE /* PDFCreator.swift */ = {isa = PBXFileReference; lastKnownFileType = sourcecode.swift; path = PDFCreator.swift; sourceTree = "<group>"; };
		DBCD062C23F5F96700EDA60D /* AutoInspector.app */ = {isa = PBXFileReference; explicitFileType = wrapper.application; includeInIndex = 0; path = AutoInspector.app; sourceTree = BUILT_PRODUCTS_DIR; };
		DBCD062F23F5F96700EDA60D /* AppDelegate.swift */ = {isa = PBXFileReference; lastKnownFileType = sourcecode.swift; path = AppDelegate.swift; sourceTree = "<group>"; };
		DBCD063123F5F96700EDA60D /* SceneDelegate.swift */ = {isa = PBXFileReference; lastKnownFileType = sourcecode.swift; path = SceneDelegate.swift; sourceTree = "<group>"; };
		DBCD063323F5F96700EDA60D /* ViewController.swift */ = {isa = PBXFileReference; lastKnownFileType = sourcecode.swift; path = ViewController.swift; sourceTree = "<group>"; };
		DBCD063623F5F96700EDA60D /* Base */ = {isa = PBXFileReference; lastKnownFileType = file.storyboard; name = Base; path = Base.lproj/Main.storyboard; sourceTree = "<group>"; };
		DBCD063823F5F96C00EDA60D /* Assets.xcassets */ = {isa = PBXFileReference; lastKnownFileType = folder.assetcatalog; path = Assets.xcassets; sourceTree = "<group>"; };
		DBCD063B23F5F96C00EDA60D /* Base */ = {isa = PBXFileReference; lastKnownFileType = file.storyboard; name = Base; path = Base.lproj/LaunchScreen.storyboard; sourceTree = "<group>"; };
		DBCD063D23F5F96C00EDA60D /* Info.plist */ = {isa = PBXFileReference; lastKnownFileType = text.plist.xml; path = Info.plist; sourceTree = "<group>"; };
		DBCD064223F5F96C00EDA60D /* AutoInspectorTests.xctest */ = {isa = PBXFileReference; explicitFileType = wrapper.cfbundle; includeInIndex = 0; path = AutoInspectorTests.xctest; sourceTree = BUILT_PRODUCTS_DIR; };
		DBCD064623F5F96C00EDA60D /* AutoInspectorTests.swift */ = {isa = PBXFileReference; lastKnownFileType = sourcecode.swift; path = AutoInspectorTests.swift; sourceTree = "<group>"; };
		DBCD064823F5F96C00EDA60D /* Info.plist */ = {isa = PBXFileReference; lastKnownFileType = text.plist.xml; path = Info.plist; sourceTree = "<group>"; };
		DBCD064D23F5F96C00EDA60D /* AutoInspectorUITests.xctest */ = {isa = PBXFileReference; explicitFileType = wrapper.cfbundle; includeInIndex = 0; path = AutoInspectorUITests.xctest; sourceTree = BUILT_PRODUCTS_DIR; };
		DBCD065123F5F96C00EDA60D /* AutoInspectorUITests.swift */ = {isa = PBXFileReference; lastKnownFileType = sourcecode.swift; path = AutoInspectorUITests.swift; sourceTree = "<group>"; };
		DBCD065323F5F96C00EDA60D /* Info.plist */ = {isa = PBXFileReference; lastKnownFileType = text.plist.xml; path = Info.plist; sourceTree = "<group>"; };
		DBCD065F23F5FAB200EDA60D /* SingUpViewController.swift */ = {isa = PBXFileReference; lastKnownFileType = sourcecode.swift; path = SingUpViewController.swift; sourceTree = "<group>"; };
		DBCD066123F5FACA00EDA60D /* LoginViewController.swift */ = {isa = PBXFileReference; lastKnownFileType = sourcecode.swift; path = LoginViewController.swift; sourceTree = "<group>"; };
		DBCD066323F5FAE000EDA60D /* HomeViewController.swift */ = {isa = PBXFileReference; lastKnownFileType = sourcecode.swift; path = HomeViewController.swift; sourceTree = "<group>"; };
		DBE2CB8523F6B083007BB6BC /* Styles.swift */ = {isa = PBXFileReference; lastKnownFileType = sourcecode.swift; path = Styles.swift; sourceTree = "<group>"; };
		ED68214339176DABF363649A /* Pods-AutoInspector.debug.xcconfig */ = {isa = PBXFileReference; includeInIndex = 1; lastKnownFileType = text.xcconfig; name = "Pods-AutoInspector.debug.xcconfig"; path = "Target Support Files/Pods-AutoInspector/Pods-AutoInspector.debug.xcconfig"; sourceTree = "<group>"; };
/* End PBXFileReference section */

/* Begin PBXFrameworksBuildPhase section */
		DBCD062923F5F96600EDA60D /* Frameworks */ = {
			isa = PBXFrameworksBuildPhase;
			buildActionMask = 2147483647;
			files = (
				D87F46D4E4E2931B8ABC0D92 /* Pods_AutoInspector.framework in Frameworks */,
			);
			runOnlyForDeploymentPostprocessing = 0;
		};
		DBCD063F23F5F96C00EDA60D /* Frameworks */ = {
			isa = PBXFrameworksBuildPhase;
			buildActionMask = 2147483647;
			files = (
				CC8EAA80EF529BBEEDD9B2EF /* Pods_AutoInspectorTests.framework in Frameworks */,
			);
			runOnlyForDeploymentPostprocessing = 0;
		};
		DBCD064A23F5F96C00EDA60D /* Frameworks */ = {
			isa = PBXFrameworksBuildPhase;
			buildActionMask = 2147483647;
			files = (
				4AB8330A4345D0130D973313 /* Pods_AutoInspector_AutoInspectorUITests.framework in Frameworks */,
			);
			runOnlyForDeploymentPostprocessing = 0;
		};
/* End PBXFrameworksBuildPhase section */

/* Begin PBXGroup section */
		0A520A866E2DA8275660EC65 /* Pods */ = {
			isa = PBXGroup;
			children = (
				ED68214339176DABF363649A /* Pods-AutoInspector.debug.xcconfig */,
				21D9D19F4B03139CC9D2789E /* Pods-AutoInspector.release.xcconfig */,
				C4DDBC48B0A6F3F836DADF89 /* Pods-AutoInspector-AutoInspectorUITests.debug.xcconfig */,
				AB55A453802ED189DDB7DCE2 /* Pods-AutoInspector-AutoInspectorUITests.release.xcconfig */,
				733BF1611B2D016B2F8DAE97 /* Pods-AutoInspectorTests.debug.xcconfig */,
				CF5ADAE8E78AC0D34EEE7710 /* Pods-AutoInspectorTests.release.xcconfig */,
			);
			path = Pods;
			sourceTree = "<group>";
		};
		2A4C4911E5CFE680D1D3EFA9 /* Frameworks */ = {
			isa = PBXGroup;
			children = (
				16F0CDABFA790837E7455853 /* Pods_AutoInspector.framework */,
				B853743641582460FD1641E0 /* Pods_AutoInspector_AutoInspectorUITests.framework */,
				B877C0828D682D73F8A3B2DD /* Pods_AutoInspectorTests.framework */,
			);
			name = Frameworks;
			sourceTree = "<group>";
		};
		6C033742240318AC00D47E95 /* Models */ = {
			isa = PBXGroup;
			children = (
				6C0337462403190D00D47E95 /* AutomobileModel.swift */,
			);
			path = Models;
			sourceTree = "<group>";
		};
		6C033743240318BD00D47E95 /* Extensions */ = {
			isa = PBXGroup;
			children = (
				6C0337442403190600D47E95 /* UIImageView+extension.swift */,
			);
			path = Extensions;
			sourceTree = "<group>";
		};
		DBCD062323F5F96600EDA60D = {
			isa = PBXGroup;
			children = (
				DBCD062E23F5F96700EDA60D /* AutoInspector */,
				DBCD064523F5F96C00EDA60D /* AutoInspectorTests */,
				DBCD065023F5F96C00EDA60D /* AutoInspectorUITests */,
				DBCD062D23F5F96700EDA60D /* Products */,
				0A520A866E2DA8275660EC65 /* Pods */,
				2A4C4911E5CFE680D1D3EFA9 /* Frameworks */,
			);
			sourceTree = "<group>";
		};
		DBCD062D23F5F96700EDA60D /* Products */ = {
			isa = PBXGroup;
			children = (
				DBCD062C23F5F96700EDA60D /* AutoInspector.app */,
				DBCD064223F5F96C00EDA60D /* AutoInspectorTests.xctest */,
				DBCD064D23F5F96C00EDA60D /* AutoInspectorUITests.xctest */,
			);
			name = Products;
			sourceTree = "<group>";
		};
		DBCD062E23F5F96700EDA60D /* AutoInspector */ = {
			isa = PBXGroup;
			children = (
				DBCD062F23F5F96700EDA60D /* AppDelegate.swift */,
				DBCD063123F5F96700EDA60D /* SceneDelegate.swift */,
				DB9380272401C54D009A021F /* Events.storyboard */,
				DB93CA102402D672006D7499 /* DetailsPDF.storyboard */,
				DBCD063523F5F96700EDA60D /* Main.storyboard */,
				DBFB9C0823F6AE65007C2A83 /* Helpers */,
				DBCD066523F5FAE700EDA60D /* ViewControllers */,
				6C033743240318BD00D47E95 /* Extensions */,
				6C033742240318AC00D47E95 /* Models */,
				DBCD063823F5F96C00EDA60D /* Assets.xcassets */,
				DBCD063A23F5F96C00EDA60D /* LaunchScreen.storyboard */,
				6C03374824031C2900D47E95 /* GoogleService-Info.plist */,
				DBCD063D23F5F96C00EDA60D /* Info.plist */,
			);
			path = AutoInspector;
			sourceTree = "<group>";
		};
		DBCD064523F5F96C00EDA60D /* AutoInspectorTests */ = {
			isa = PBXGroup;
			children = (
				DBCD064623F5F96C00EDA60D /* AutoInspectorTests.swift */,
				DBCD064823F5F96C00EDA60D /* Info.plist */,
			);
			path = AutoInspectorTests;
			sourceTree = "<group>";
		};
		DBCD065023F5F96C00EDA60D /* AutoInspectorUITests */ = {
			isa = PBXGroup;
			children = (
				DBCD065123F5F96C00EDA60D /* AutoInspectorUITests.swift */,
				DBCD065323F5F96C00EDA60D /* Info.plist */,
			);
			path = AutoInspectorUITests;
			sourceTree = "<group>";
		};
		DBCD066523F5FAE700EDA60D /* ViewControllers */ = {
			isa = PBXGroup;
			children = (
				6C03373B240316F300D47E95 /* AutomobileTableViewCell.swift */,
				DBCD063323F5F96700EDA60D /* ViewController.swift */,
				DBCD065F23F5FAB200EDA60D /* SingUpViewController.swift */,
				DBCD066123F5FACA00EDA60D /* LoginViewController.swift */,
				DB9380232401C495009A021F /* SugestEventCollectionViewCell.swift */,
				DB9380242401C495009A021F /* EventsViewController.swift */,
				DBCD066323F5FAE000EDA60D /* HomeViewController.swift */,
				DB93CA122402D691006D7499 /* DetailsViewController.swift */,
				DBC233EC2403330000C74EEE /* pdfPreviewViewController.swift */,
			);
			path = ViewControllers;
			sourceTree = "<group>";
		};
		DBFB9C0823F6AE65007C2A83 /* Helpers */ = {
			isa = PBXGroup;
			children = (
				DBE2CB8523F6B083007BB6BC /* Styles.swift */,
				DB3F9BA623F782E5009F981D /* Constants.swift */,
				DB93CA062401E5D9006D7499 /* Colors.swift */,
				DBC233EE2403382600C74EEE /* PDFCreator.swift */,
			);
			path = Helpers;
			sourceTree = "<group>";
		};
/* End PBXGroup section */

/* Begin PBXNativeTarget section */
		DBCD062B23F5F96600EDA60D /* AutoInspector */ = {
			isa = PBXNativeTarget;
			buildConfigurationList = DBCD065623F5F96C00EDA60D /* Build configuration list for PBXNativeTarget "AutoInspector" */;
			buildPhases = (
				8EE3B3BF06D6D3B8957DF25E /* [CP] Check Pods Manifest.lock */,
				DBCD062823F5F96600EDA60D /* Sources */,
				DBCD062923F5F96600EDA60D /* Frameworks */,
				DBCD062A23F5F96600EDA60D /* Resources */,
				3C8822A2086F2A3FC9AEB00B /* [CP] Embed Pods Frameworks */,
			);
			buildRules = (
			);
			dependencies = (
			);
			name = AutoInspector;
			productName = AutoInspector;
			productReference = DBCD062C23F5F96700EDA60D /* AutoInspector.app */;
			productType = "com.apple.product-type.application";
		};
		DBCD064123F5F96C00EDA60D /* AutoInspectorTests */ = {
			isa = PBXNativeTarget;
			buildConfigurationList = DBCD065923F5F96C00EDA60D /* Build configuration list for PBXNativeTarget "AutoInspectorTests" */;
			buildPhases = (
				A34E136FC815C73886490B26 /* [CP] Check Pods Manifest.lock */,
				DBCD063E23F5F96C00EDA60D /* Sources */,
				DBCD063F23F5F96C00EDA60D /* Frameworks */,
				DBCD064023F5F96C00EDA60D /* Resources */,
			);
			buildRules = (
			);
			dependencies = (
				DBCD064423F5F96C00EDA60D /* PBXTargetDependency */,
			);
			name = AutoInspectorTests;
			productName = AutoInspectorTests;
			productReference = DBCD064223F5F96C00EDA60D /* AutoInspectorTests.xctest */;
			productType = "com.apple.product-type.bundle.unit-test";
		};
		DBCD064C23F5F96C00EDA60D /* AutoInspectorUITests */ = {
			isa = PBXNativeTarget;
			buildConfigurationList = DBCD065C23F5F96C00EDA60D /* Build configuration list for PBXNativeTarget "AutoInspectorUITests" */;
			buildPhases = (
				B020EA0A8A092425F263174F /* [CP] Check Pods Manifest.lock */,
				DBCD064923F5F96C00EDA60D /* Sources */,
				DBCD064A23F5F96C00EDA60D /* Frameworks */,
				DBCD064B23F5F96C00EDA60D /* Resources */,
				736C08851BB2F4989459EA60 /* [CP] Embed Pods Frameworks */,
			);
			buildRules = (
			);
			dependencies = (
				DBCD064F23F5F96C00EDA60D /* PBXTargetDependency */,
			);
			name = AutoInspectorUITests;
			productName = AutoInspectorUITests;
			productReference = DBCD064D23F5F96C00EDA60D /* AutoInspectorUITests.xctest */;
			productType = "com.apple.product-type.bundle.ui-testing";
		};
/* End PBXNativeTarget section */

/* Begin PBXProject section */
		DBCD062423F5F96600EDA60D /* Project object */ = {
			isa = PBXProject;
			attributes = {
				LastSwiftUpdateCheck = 1130;
				LastUpgradeCheck = 1130;
				ORGANIZATIONNAME = CesarVargas;
				TargetAttributes = {
					DBCD062B23F5F96600EDA60D = {
						CreatedOnToolsVersion = 11.3;
					};
					DBCD064123F5F96C00EDA60D = {
						CreatedOnToolsVersion = 11.3;
						TestTargetID = DBCD062B23F5F96600EDA60D;
					};
					DBCD064C23F5F96C00EDA60D = {
						CreatedOnToolsVersion = 11.3;
						TestTargetID = DBCD062B23F5F96600EDA60D;
					};
				};
			};
			buildConfigurationList = DBCD062723F5F96600EDA60D /* Build configuration list for PBXProject "AutoInspector" */;
			compatibilityVersion = "Xcode 9.3";
			developmentRegion = en;
			hasScannedForEncodings = 0;
			knownRegions = (
				en,
				Base,
			);
			mainGroup = DBCD062323F5F96600EDA60D;
			productRefGroup = DBCD062D23F5F96700EDA60D /* Products */;
			projectDirPath = "";
			projectRoot = "";
			targets = (
				DBCD062B23F5F96600EDA60D /* AutoInspector */,
				DBCD064123F5F96C00EDA60D /* AutoInspectorTests */,
				DBCD064C23F5F96C00EDA60D /* AutoInspectorUITests */,
			);
		};
/* End PBXProject section */

/* Begin PBXResourcesBuildPhase section */
		DBCD062A23F5F96600EDA60D /* Resources */ = {
			isa = PBXResourcesBuildPhase;
			buildActionMask = 2147483647;
			files = (
				DBCD063C23F5F96C00EDA60D /* LaunchScreen.storyboard in Resources */,
				DBCD063923F5F96C00EDA60D /* Assets.xcassets in Resources */,
				DBCD063723F5F96700EDA60D /* Main.storyboard in Resources */,
				DB93CA112402D672006D7499 /* DetailsPDF.storyboard in Resources */,
				DB9380292401C54D009A021F /* Events.storyboard in Resources */,
				6C03374924031C2900D47E95 /* GoogleService-Info.plist in Resources */,
			);
			runOnlyForDeploymentPostprocessing = 0;
		};
		DBCD064023F5F96C00EDA60D /* Resources */ = {
			isa = PBXResourcesBuildPhase;
			buildActionMask = 2147483647;
			files = (
			);
			runOnlyForDeploymentPostprocessing = 0;
		};
		DBCD064B23F5F96C00EDA60D /* Resources */ = {
			isa = PBXResourcesBuildPhase;
			buildActionMask = 2147483647;
			files = (
			);
			runOnlyForDeploymentPostprocessing = 0;
		};
/* End PBXResourcesBuildPhase section */

/* Begin PBXShellScriptBuildPhase section */
		3C8822A2086F2A3FC9AEB00B /* [CP] Embed Pods Frameworks */ = {
			isa = PBXShellScriptBuildPhase;
			buildActionMask = 2147483647;
			files = (
			);
			inputFileListPaths = (
				"${PODS_ROOT}/Target Support Files/Pods-AutoInspector/Pods-AutoInspector-frameworks-${CONFIGURATION}-input-files.xcfilelist",
			);
			name = "[CP] Embed Pods Frameworks";
			outputFileListPaths = (
				"${PODS_ROOT}/Target Support Files/Pods-AutoInspector/Pods-AutoInspector-frameworks-${CONFIGURATION}-output-files.xcfilelist",
			);
			runOnlyForDeploymentPostprocessing = 0;
			shellPath = /bin/sh;
			shellScript = "\"${PODS_ROOT}/Target Support Files/Pods-AutoInspector/Pods-AutoInspector-frameworks.sh\"\n";
			showEnvVarsInLog = 0;
		};
		736C08851BB2F4989459EA60 /* [CP] Embed Pods Frameworks */ = {
			isa = PBXShellScriptBuildPhase;
			buildActionMask = 2147483647;
			files = (
			);
			inputFileListPaths = (
				"${PODS_ROOT}/Target Support Files/Pods-AutoInspector-AutoInspectorUITests/Pods-AutoInspector-AutoInspectorUITests-frameworks-${CONFIGURATION}-input-files.xcfilelist",
			);
			name = "[CP] Embed Pods Frameworks";
			outputFileListPaths = (
				"${PODS_ROOT}/Target Support Files/Pods-AutoInspector-AutoInspectorUITests/Pods-AutoInspector-AutoInspectorUITests-frameworks-${CONFIGURATION}-output-files.xcfilelist",
			);
			runOnlyForDeploymentPostprocessing = 0;
			shellPath = /bin/sh;
			shellScript = "\"${PODS_ROOT}/Target Support Files/Pods-AutoInspector-AutoInspectorUITests/Pods-AutoInspector-AutoInspectorUITests-frameworks.sh\"\n";
			showEnvVarsInLog = 0;
		};
		8EE3B3BF06D6D3B8957DF25E /* [CP] Check Pods Manifest.lock */ = {
			isa = PBXShellScriptBuildPhase;
			buildActionMask = 2147483647;
			files = (
			);
			inputFileListPaths = (
			);
			inputPaths = (
				"${PODS_PODFILE_DIR_PATH}/Podfile.lock",
				"${PODS_ROOT}/Manifest.lock",
			);
			name = "[CP] Check Pods Manifest.lock";
			outputFileListPaths = (
			);
			outputPaths = (
				"$(DERIVED_FILE_DIR)/Pods-AutoInspector-checkManifestLockResult.txt",
			);
			runOnlyForDeploymentPostprocessing = 0;
			shellPath = /bin/sh;
			shellScript = "diff \"${PODS_PODFILE_DIR_PATH}/Podfile.lock\" \"${PODS_ROOT}/Manifest.lock\" > /dev/null\nif [ $? != 0 ] ; then\n    # print error to STDERR\n    echo \"error: The sandbox is not in sync with the Podfile.lock. Run 'pod install' or update your CocoaPods installation.\" >&2\n    exit 1\nfi\n# This output is used by Xcode 'outputs' to avoid re-running this script phase.\necho \"SUCCESS\" > \"${SCRIPT_OUTPUT_FILE_0}\"\n";
			showEnvVarsInLog = 0;
		};
		A34E136FC815C73886490B26 /* [CP] Check Pods Manifest.lock */ = {
			isa = PBXShellScriptBuildPhase;
			buildActionMask = 2147483647;
			files = (
			);
			inputFileListPaths = (
			);
			inputPaths = (
				"${PODS_PODFILE_DIR_PATH}/Podfile.lock",
				"${PODS_ROOT}/Manifest.lock",
			);
			name = "[CP] Check Pods Manifest.lock";
			outputFileListPaths = (
			);
			outputPaths = (
				"$(DERIVED_FILE_DIR)/Pods-AutoInspectorTests-checkManifestLockResult.txt",
			);
			runOnlyForDeploymentPostprocessing = 0;
			shellPath = /bin/sh;
			shellScript = "diff \"${PODS_PODFILE_DIR_PATH}/Podfile.lock\" \"${PODS_ROOT}/Manifest.lock\" > /dev/null\nif [ $? != 0 ] ; then\n    # print error to STDERR\n    echo \"error: The sandbox is not in sync with the Podfile.lock. Run 'pod install' or update your CocoaPods installation.\" >&2\n    exit 1\nfi\n# This output is used by Xcode 'outputs' to avoid re-running this script phase.\necho \"SUCCESS\" > \"${SCRIPT_OUTPUT_FILE_0}\"\n";
			showEnvVarsInLog = 0;
		};
		B020EA0A8A092425F263174F /* [CP] Check Pods Manifest.lock */ = {
			isa = PBXShellScriptBuildPhase;
			buildActionMask = 2147483647;
			files = (
			);
			inputFileListPaths = (
			);
			inputPaths = (
				"${PODS_PODFILE_DIR_PATH}/Podfile.lock",
				"${PODS_ROOT}/Manifest.lock",
			);
			name = "[CP] Check Pods Manifest.lock";
			outputFileListPaths = (
			);
			outputPaths = (
				"$(DERIVED_FILE_DIR)/Pods-AutoInspector-AutoInspectorUITests-checkManifestLockResult.txt",
			);
			runOnlyForDeploymentPostprocessing = 0;
			shellPath = /bin/sh;
			shellScript = "diff \"${PODS_PODFILE_DIR_PATH}/Podfile.lock\" \"${PODS_ROOT}/Manifest.lock\" > /dev/null\nif [ $? != 0 ] ; then\n    # print error to STDERR\n    echo \"error: The sandbox is not in sync with the Podfile.lock. Run 'pod install' or update your CocoaPods installation.\" >&2\n    exit 1\nfi\n# This output is used by Xcode 'outputs' to avoid re-running this script phase.\necho \"SUCCESS\" > \"${SCRIPT_OUTPUT_FILE_0}\"\n";
			showEnvVarsInLog = 0;
		};
/* End PBXShellScriptBuildPhase section */

/* Begin PBXSourcesBuildPhase section */
		DBCD062823F5F96600EDA60D /* Sources */ = {
			isa = PBXSourcesBuildPhase;
			buildActionMask = 2147483647;
			files = (
				DBCD063423F5F96700EDA60D /* ViewController.swift in Sources */,
				6C03373C240316F300D47E95 /* AutomobileTableViewCell.swift in Sources */,
				DB93CA072401E5D9006D7499 /* Colors.swift in Sources */,
				DBE2CB8623F6B083007BB6BC /* Styles.swift in Sources */,
				DBC233ED2403330000C74EEE /* pdfPreviewViewController.swift in Sources */,
				DBCD063023F5F96700EDA60D /* AppDelegate.swift in Sources */,
				DBCD066023F5FAB200EDA60D /* SingUpViewController.swift in Sources */,
				DB9380252401C495009A021F /* SugestEventCollectionViewCell.swift in Sources */,
				6C0337472403190D00D47E95 /* AutomobileModel.swift in Sources */,
				DBCD066223F5FACA00EDA60D /* LoginViewController.swift in Sources */,
				DBCD063223F5F96700EDA60D /* SceneDelegate.swift in Sources */,
				DBCD066423F5FAE000EDA60D /* HomeViewController.swift in Sources */,
				DBC233EF2403382600C74EEE /* PDFCreator.swift in Sources */,
				DB3F9BA723F782E5009F981D /* Constants.swift in Sources */,
				DB9380262401C495009A021F /* EventsViewController.swift in Sources */,
				6C0337452403190600D47E95 /* UIImageView+extension.swift in Sources */,
				DB93CA132402D691006D7499 /* DetailsViewController.swift in Sources */,
			);
			runOnlyForDeploymentPostprocessing = 0;
		};
		DBCD063E23F5F96C00EDA60D /* Sources */ = {
			isa = PBXSourcesBuildPhase;
			buildActionMask = 2147483647;
			files = (
				DBCD064723F5F96C00EDA60D /* AutoInspectorTests.swift in Sources */,
			);
			runOnlyForDeploymentPostprocessing = 0;
		};
		DBCD064923F5F96C00EDA60D /* Sources */ = {
			isa = PBXSourcesBuildPhase;
			buildActionMask = 2147483647;
			files = (
				DBCD065223F5F96C00EDA60D /* AutoInspectorUITests.swift in Sources */,
			);
			runOnlyForDeploymentPostprocessing = 0;
		};
/* End PBXSourcesBuildPhase section */

/* Begin PBXTargetDependency section */
		DBCD064423F5F96C00EDA60D /* PBXTargetDependency */ = {
			isa = PBXTargetDependency;
			target = DBCD062B23F5F96600EDA60D /* AutoInspector */;
			targetProxy = DBCD064323F5F96C00EDA60D /* PBXContainerItemProxy */;
		};
		DBCD064F23F5F96C00EDA60D /* PBXTargetDependency */ = {
			isa = PBXTargetDependency;
			target = DBCD062B23F5F96600EDA60D /* AutoInspector */;
			targetProxy = DBCD064E23F5F96C00EDA60D /* PBXContainerItemProxy */;
		};
/* End PBXTargetDependency section */

/* Begin PBXVariantGroup section */
		DB9380272401C54D009A021F /* Events.storyboard */ = {
			isa = PBXVariantGroup;
			children = (
				DB9380282401C54D009A021F /* Base */,
			);
			name = Events.storyboard;
			sourceTree = "<group>";
		};
		DBCD063523F5F96700EDA60D /* Main.storyboard */ = {
			isa = PBXVariantGroup;
			children = (
				DBCD063623F5F96700EDA60D /* Base */,
			);
			name = Main.storyboard;
			sourceTree = "<group>";
		};
		DBCD063A23F5F96C00EDA60D /* LaunchScreen.storyboard */ = {
			isa = PBXVariantGroup;
			children = (
				DBCD063B23F5F96C00EDA60D /* Base */,
			);
			name = LaunchScreen.storyboard;
			sourceTree = "<group>";
		};
/* End PBXVariantGroup section */

/* Begin XCBuildConfiguration section */
		DBCD065423F5F96C00EDA60D /* Debug */ = {
			isa = XCBuildConfiguration;
			buildSettings = {
				ALWAYS_SEARCH_USER_PATHS = NO;
				CLANG_ANALYZER_NONNULL = YES;
				CLANG_ANALYZER_NUMBER_OBJECT_CONVERSION = YES_AGGRESSIVE;
				CLANG_CXX_LANGUAGE_STANDARD = "gnu++14";
				CLANG_CXX_LIBRARY = "libc++";
				CLANG_ENABLE_MODULES = YES;
				CLANG_ENABLE_OBJC_ARC = YES;
				CLANG_ENABLE_OBJC_WEAK = YES;
				CLANG_WARN_BLOCK_CAPTURE_AUTORELEASING = YES;
				CLANG_WARN_BOOL_CONVERSION = YES;
				CLANG_WARN_COMMA = YES;
				CLANG_WARN_CONSTANT_CONVERSION = YES;
				CLANG_WARN_DEPRECATED_OBJC_IMPLEMENTATIONS = YES;
				CLANG_WARN_DIRECT_OBJC_ISA_USAGE = YES_ERROR;
				CLANG_WARN_DOCUMENTATION_COMMENTS = YES;
				CLANG_WARN_EMPTY_BODY = YES;
				CLANG_WARN_ENUM_CONVERSION = YES;
				CLANG_WARN_INFINITE_RECURSION = YES;
				CLANG_WARN_INT_CONVERSION = YES;
				CLANG_WARN_NON_LITERAL_NULL_CONVERSION = YES;
				CLANG_WARN_OBJC_IMPLICIT_RETAIN_SELF = YES;
				CLANG_WARN_OBJC_LITERAL_CONVERSION = YES;
				CLANG_WARN_OBJC_ROOT_CLASS = YES_ERROR;
				CLANG_WARN_RANGE_LOOP_ANALYSIS = YES;
				CLANG_WARN_STRICT_PROTOTYPES = YES;
				CLANG_WARN_SUSPICIOUS_MOVE = YES;
				CLANG_WARN_UNGUARDED_AVAILABILITY = YES_AGGRESSIVE;
				CLANG_WARN_UNREACHABLE_CODE = YES;
				CLANG_WARN__DUPLICATE_METHOD_MATCH = YES;
				COPY_PHASE_STRIP = NO;
				DEBUG_INFORMATION_FORMAT = dwarf;
				ENABLE_STRICT_OBJC_MSGSEND = YES;
				ENABLE_TESTABILITY = YES;
				GCC_C_LANGUAGE_STANDARD = gnu11;
				GCC_DYNAMIC_NO_PIC = NO;
				GCC_NO_COMMON_BLOCKS = YES;
				GCC_OPTIMIZATION_LEVEL = 0;
				GCC_PREPROCESSOR_DEFINITIONS = (
					"DEBUG=1",
					"$(inherited)",
				);
				GCC_WARN_64_TO_32_BIT_CONVERSION = YES;
				GCC_WARN_ABOUT_RETURN_TYPE = YES_ERROR;
				GCC_WARN_UNDECLARED_SELECTOR = YES;
				GCC_WARN_UNINITIALIZED_AUTOS = YES_AGGRESSIVE;
				GCC_WARN_UNUSED_FUNCTION = YES;
				GCC_WARN_UNUSED_VARIABLE = YES;
				IPHONEOS_DEPLOYMENT_TARGET = 13.2;
				MTL_ENABLE_DEBUG_INFO = INCLUDE_SOURCE;
				MTL_FAST_MATH = YES;
				ONLY_ACTIVE_ARCH = YES;
				SDKROOT = iphoneos;
				SWIFT_ACTIVE_COMPILATION_CONDITIONS = DEBUG;
				SWIFT_OPTIMIZATION_LEVEL = "-Onone";
			};
			name = Debug;
		};
		DBCD065523F5F96C00EDA60D /* Release */ = {
			isa = XCBuildConfiguration;
			buildSettings = {
				ALWAYS_SEARCH_USER_PATHS = NO;
				CLANG_ANALYZER_NONNULL = YES;
				CLANG_ANALYZER_NUMBER_OBJECT_CONVERSION = YES_AGGRESSIVE;
				CLANG_CXX_LANGUAGE_STANDARD = "gnu++14";
				CLANG_CXX_LIBRARY = "libc++";
				CLANG_ENABLE_MODULES = YES;
				CLANG_ENABLE_OBJC_ARC = YES;
				CLANG_ENABLE_OBJC_WEAK = YES;
				CLANG_WARN_BLOCK_CAPTURE_AUTORELEASING = YES;
				CLANG_WARN_BOOL_CONVERSION = YES;
				CLANG_WARN_COMMA = YES;
				CLANG_WARN_CONSTANT_CONVERSION = YES;
				CLANG_WARN_DEPRECATED_OBJC_IMPLEMENTATIONS = YES;
				CLANG_WARN_DIRECT_OBJC_ISA_USAGE = YES_ERROR;
				CLANG_WARN_DOCUMENTATION_COMMENTS = YES;
				CLANG_WARN_EMPTY_BODY = YES;
				CLANG_WARN_ENUM_CONVERSION = YES;
				CLANG_WARN_INFINITE_RECURSION = YES;
				CLANG_WARN_INT_CONVERSION = YES;
				CLANG_WARN_NON_LITERAL_NULL_CONVERSION = YES;
				CLANG_WARN_OBJC_IMPLICIT_RETAIN_SELF = YES;
				CLANG_WARN_OBJC_LITERAL_CONVERSION = YES;
				CLANG_WARN_OBJC_ROOT_CLASS = YES_ERROR;
				CLANG_WARN_RANGE_LOOP_ANALYSIS = YES;
				CLANG_WARN_STRICT_PROTOTYPES = YES;
				CLANG_WARN_SUSPICIOUS_MOVE = YES;
				CLANG_WARN_UNGUARDED_AVAILABILITY = YES_AGGRESSIVE;
				CLANG_WARN_UNREACHABLE_CODE = YES;
				CLANG_WARN__DUPLICATE_METHOD_MATCH = YES;
				COPY_PHASE_STRIP = NO;
				DEBUG_INFORMATION_FORMAT = "dwarf-with-dsym";
				ENABLE_NS_ASSERTIONS = NO;
				ENABLE_STRICT_OBJC_MSGSEND = YES;
				GCC_C_LANGUAGE_STANDARD = gnu11;
				GCC_NO_COMMON_BLOCKS = YES;
				GCC_WARN_64_TO_32_BIT_CONVERSION = YES;
				GCC_WARN_ABOUT_RETURN_TYPE = YES_ERROR;
				GCC_WARN_UNDECLARED_SELECTOR = YES;
				GCC_WARN_UNINITIALIZED_AUTOS = YES_AGGRESSIVE;
				GCC_WARN_UNUSED_FUNCTION = YES;
				GCC_WARN_UNUSED_VARIABLE = YES;
				IPHONEOS_DEPLOYMENT_TARGET = 13.2;
				MTL_ENABLE_DEBUG_INFO = NO;
				MTL_FAST_MATH = YES;
				SDKROOT = iphoneos;
				SWIFT_COMPILATION_MODE = wholemodule;
				SWIFT_OPTIMIZATION_LEVEL = "-O";
				VALIDATE_PRODUCT = YES;
			};
			name = Release;
		};
		DBCD065723F5F96C00EDA60D /* Debug */ = {
			isa = XCBuildConfiguration;
			baseConfigurationReference = ED68214339176DABF363649A /* Pods-AutoInspector.debug.xcconfig */;
			buildSettings = {
				ASSETCATALOG_COMPILER_APPICON_NAME = AppIcon;
				CODE_SIGN_STYLE = Automatic;
				DEVELOPMENT_TEAM = 8VUPJLK9PY;
				INFOPLIST_FILE = AutoInspector/Info.plist;
				LD_RUNPATH_SEARCH_PATHS = (
					"$(inherited)",
					"@executable_path/Frameworks",
				);
				PRODUCT_BUNDLE_IDENTIFIER = com.cesar.AutoInspector;
				PRODUCT_NAME = "$(TARGET_NAME)";
				SWIFT_VERSION = 5.0;
				TARGETED_DEVICE_FAMILY = "1,2";
			};
			name = Debug;
		};
		DBCD065823F5F96C00EDA60D /* Release */ = {
			isa = XCBuildConfiguration;
			baseConfigurationReference = 21D9D19F4B03139CC9D2789E /* Pods-AutoInspector.release.xcconfig */;
			buildSettings = {
				ASSETCATALOG_COMPILER_APPICON_NAME = AppIcon;
				CODE_SIGN_STYLE = Automatic;
				DEVELOPMENT_TEAM = 8VUPJLK9PY;
				INFOPLIST_FILE = AutoInspector/Info.plist;
				LD_RUNPATH_SEARCH_PATHS = (
					"$(inherited)",
					"@executable_path/Frameworks",
				);
				PRODUCT_BUNDLE_IDENTIFIER = com.cesar.AutoInspector;
				PRODUCT_NAME = "$(TARGET_NAME)";
				SWIFT_VERSION = 5.0;
				TARGETED_DEVICE_FAMILY = "1,2";
			};
			name = Release;
		};
		DBCD065A23F5F96C00EDA60D /* Debug */ = {
			isa = XCBuildConfiguration;
			baseConfigurationReference = 733BF1611B2D016B2F8DAE97 /* Pods-AutoInspectorTests.debug.xcconfig */;
			buildSettings = {
				ALWAYS_EMBED_SWIFT_STANDARD_LIBRARIES = YES;
				BUNDLE_LOADER = "$(TEST_HOST)";
				CODE_SIGN_STYLE = Automatic;
				DEVELOPMENT_TEAM = 8VUPJLK9PY;
				INFOPLIST_FILE = AutoInspectorTests/Info.plist;
				IPHONEOS_DEPLOYMENT_TARGET = 13.2;
				LD_RUNPATH_SEARCH_PATHS = (
					"$(inherited)",
					"@executable_path/Frameworks",
					"@loader_path/Frameworks",
				);
				PRODUCT_BUNDLE_IDENTIFIER = com.cesar.AutoInspectorTests;
				PRODUCT_NAME = "$(TARGET_NAME)";
				SWIFT_VERSION = 5.0;
				TARGETED_DEVICE_FAMILY = "1,2";
				TEST_HOST = "$(BUILT_PRODUCTS_DIR)/AutoInspector.app/AutoInspector";
			};
			name = Debug;
		};
		DBCD065B23F5F96C00EDA60D /* Release */ = {
			isa = XCBuildConfiguration;
			baseConfigurationReference = CF5ADAE8E78AC0D34EEE7710 /* Pods-AutoInspectorTests.release.xcconfig */;
			buildSettings = {
				ALWAYS_EMBED_SWIFT_STANDARD_LIBRARIES = YES;
				BUNDLE_LOADER = "$(TEST_HOST)";
				CODE_SIGN_STYLE = Automatic;
				DEVELOPMENT_TEAM = 8VUPJLK9PY;
				INFOPLIST_FILE = AutoInspectorTests/Info.plist;
				IPHONEOS_DEPLOYMENT_TARGET = 13.2;
				LD_RUNPATH_SEARCH_PATHS = (
					"$(inherited)",
					"@executable_path/Frameworks",
					"@loader_path/Frameworks",
				);
				PRODUCT_BUNDLE_IDENTIFIER = com.cesar.AutoInspectorTests;
				PRODUCT_NAME = "$(TARGET_NAME)";
				SWIFT_VERSION = 5.0;
				TARGETED_DEVICE_FAMILY = "1,2";
				TEST_HOST = "$(BUILT_PRODUCTS_DIR)/AutoInspector.app/AutoInspector";
			};
			name = Release;
		};
		DBCD065D23F5F96C00EDA60D /* Debug */ = {
			isa = XCBuildConfiguration;
			baseConfigurationReference = C4DDBC48B0A6F3F836DADF89 /* Pods-AutoInspector-AutoInspectorUITests.debug.xcconfig */;
			buildSettings = {
				ALWAYS_EMBED_SWIFT_STANDARD_LIBRARIES = YES;
				CODE_SIGN_STYLE = Automatic;
				DEVELOPMENT_TEAM = 8VUPJLK9PY;
				INFOPLIST_FILE = AutoInspectorUITests/Info.plist;
				LD_RUNPATH_SEARCH_PATHS = (
					"$(inherited)",
					"@executable_path/Frameworks",
					"@loader_path/Frameworks",
				);
				PRODUCT_BUNDLE_IDENTIFIER = com.cesar.AutoInspectorUITests;
				PRODUCT_NAME = "$(TARGET_NAME)";
				SWIFT_VERSION = 5.0;
				TARGETED_DEVICE_FAMILY = "1,2";
				TEST_TARGET_NAME = AutoInspector;
			};
			name = Debug;
		};
		DBCD065E23F5F96C00EDA60D /* Release */ = {
			isa = XCBuildConfiguration;
			baseConfigurationReference = AB55A453802ED189DDB7DCE2 /* Pods-AutoInspector-AutoInspectorUITests.release.xcconfig */;
			buildSettings = {
				ALWAYS_EMBED_SWIFT_STANDARD_LIBRARIES = YES;
				CODE_SIGN_STYLE = Automatic;
				DEVELOPMENT_TEAM = 8VUPJLK9PY;
				INFOPLIST_FILE = AutoInspectorUITests/Info.plist;
				LD_RUNPATH_SEARCH_PATHS = (
					"$(inherited)",
					"@executable_path/Frameworks",
					"@loader_path/Frameworks",
				);
				PRODUCT_BUNDLE_IDENTIFIER = com.cesar.AutoInspectorUITests;
				PRODUCT_NAME = "$(TARGET_NAME)";
				SWIFT_VERSION = 5.0;
				TARGETED_DEVICE_FAMILY = "1,2";
				TEST_TARGET_NAME = AutoInspector;
			};
			name = Release;
		};
/* End XCBuildConfiguration section */

/* Begin XCConfigurationList section */
		DBCD062723F5F96600EDA60D /* Build configuration list for PBXProject "AutoInspector" */ = {
			isa = XCConfigurationList;
			buildConfigurations = (
				DBCD065423F5F96C00EDA60D /* Debug */,
				DBCD065523F5F96C00EDA60D /* Release */,
			);
			defaultConfigurationIsVisible = 0;
			defaultConfigurationName = Release;
		};
		DBCD065623F5F96C00EDA60D /* Build configuration list for PBXNativeTarget "AutoInspector" */ = {
			isa = XCConfigurationList;
			buildConfigurations = (
				DBCD065723F5F96C00EDA60D /* Debug */,
				DBCD065823F5F96C00EDA60D /* Release */,
			);
			defaultConfigurationIsVisible = 0;
			defaultConfigurationName = Release;
		};
		DBCD065923F5F96C00EDA60D /* Build configuration list for PBXNativeTarget "AutoInspectorTests" */ = {
			isa = XCConfigurationList;
			buildConfigurations = (
				DBCD065A23F5F96C00EDA60D /* Debug */,
				DBCD065B23F5F96C00EDA60D /* Release */,
			);
			defaultConfigurationIsVisible = 0;
			defaultConfigurationName = Release;
		};
		DBCD065C23F5F96C00EDA60D /* Build configuration list for PBXNativeTarget "AutoInspectorUITests" */ = {
			isa = XCConfigurationList;
			buildConfigurations = (
				DBCD065D23F5F96C00EDA60D /* Debug */,
				DBCD065E23F5F96C00EDA60D /* Release */,
			);
			defaultConfigurationIsVisible = 0;
			defaultConfigurationName = Release;
		};
/* End XCConfigurationList section */
	};
	rootObject = DBCD062423F5F96600EDA60D /* Project object */;
}
